<?xml version="1.0" encoding="utf-8"?>
<Project ToolsVersion="4.0" xmlns="http://schemas.microsoft.com/developer/msbuild/2003">
  <ItemGroup>
    <Filter Include="Source Files">
      <UniqueIdentifier>{4FC737F1-C7A5-4376-A066-2A32D752A2FF}</UniqueIdentifier>
      <Extensions>cpp;c;cc;cxx;def;odl;idl;hpj;bat;asm;asmx</Extensions>
    </Filter>
    <Filter Include="Header Files">
      <UniqueIdentifier>{93995380-89BD-4b04-88EB-625FBE52EBFB}</UniqueIdentifier>
      <Extensions>h;hh;hpp;hxx;hm;inl;inc;xsd</Extensions>
    </Filter>
    <Filter Include="Resource Files">
      <UniqueIdentifier>{67DA6AB6-F800-4c08-8B7A-83BB121AAD01}</UniqueIdentifier>
      <Extensions>rc;ico;cur;bmp;dlg;rc2;rct;bin;rgs;gif;jpg;jpeg;jpe;resx;tiff;tif;png;wav;mfcribbon-ms</Extensions>
    </Filter>
    <Filter Include="kx">
      <UniqueIdentifier>{3255f87e-bb16-4390-9120-e21aefc4f5c3}</UniqueIdentifier>
    </Filter>
  </ItemGroup>
  <ItemGroup>
    <Text Include="ReadMe.txt" />
  </ItemGroup>
  <ItemGroup>
    <ClInclude Include="targetver.h">
      <Filter>Header Files</Filter>
    </ClInclude>
    <ClInclude Include="Resource.h">
      <Filter>Header Files</Filter>
    </ClInclude>
    <ClInclude Include="ProjectU.h">
      <Filter>Header Files</Filter>
    </ClInclude>
    <ClInclude Include="ProjectUTest.h">
      <Filter>Header Files</Filter>
    </ClInclude>
    <ClInclude Include="kx\kx.h">
      <Filter>kx</Filter>
    </ClInclude>
    <ClInclude Include="kx\kxCamera.h">
      <Filter>kx</Filter>
    </ClInclude>
    <ClInclude Include="kx\kxDebug.h">
      <Filter>kx</Filter>
    </ClInclude>
    <ClInclude Include="kx\kxGeometry.h">
      <Filter>kx</Filter>
    </ClInclude>
    <ClInclude Include="kx\kxMatrix.h">
      <Filter>kx</Filter>
    </ClInclude>
    <ClInclude Include="kx\kxObject.h">
      <Filter>kx</Filter>
    </ClInclude>
    <ClInclude Include="kx\kxParser.h">
      <Filter>kx</Filter>
    </ClInclude>
    <ClInclude Include="kx\kxPolygon.h">
      <Filter>kx</Filter>
    </ClInclude>
    <ClInclude Include="kx\kxRenderer.h">
      <Filter>kx</Filter>
    </ClInclude>
    <ClInclude Include="kx\kxVector.h">
      <Filter>kx</Filter>
    </ClInclude>
    <ClInclude Include="kx\kxDirectX.h">
      <Filter>kx</Filter>
    </ClInclude>
    <ClInclude Include="kx\kxGlobal.h">
      <Filter>kx</Filter>
    </ClInclude>
    <ClInclude Include="kx\kxRenderObject.h">
      <Filter>kx</Filter>
    </ClInclude>
    <ClInclude Include="kx\kxRenderList.h">
      <Filter>kx</Filter>
    </ClInclude>
    <ClInclude Include="kx\SingletonExample.h">
      <Filter>kx</Filter>
    </ClInclude>
    <ClInclude Include="BattleField.h">
      <Filter>Header Files</Filter>
    </ClInclude>
    <ClInclude Include="kx\kxMaterial.h">
      <Filter>kx</Filter>
    </ClInclude>
    <ClInclude Include="kx\kxColor.h">
      <Filter>kx</Filter>
    </ClInclude>
    <ClInclude Include="kx\kxLight.h">
      <Filter>kx</Filter>
    </ClInclude>
    <ClInclude Include="kx\kxDrawer.h">
      <Filter>kx</Filter>
    </ClInclude>
    <ClInclude Include="kx\kxVertex.h">
      <Filter>kx</Filter>
    </ClInclude>
    <ClInclude Include="kx\kxBitmap.h">
      <Filter>kx</Filter>
    </ClInclude>
    <ClInclude Include="kx\kxUtils.h">
      <Filter>kx</Filter>
    </ClInclude>
  </ItemGroup>
  <ItemGroup>
    <ClCompile Include="ProjectU.cpp">
      <Filter>Source Files</Filter>
    </ClCompile>
    <ClCompile Include="ProjectUTest.cpp">
      <Filter>Source Files</Filter>
    </ClCompile>
    <ClCompile Include="kx\kxCamera.cpp">
      <Filter>kx</Filter>
    </ClCompile>
    <ClCompile Include="kx\kxMatrix.cpp">
      <Filter>kx</Filter>
    </ClCompile>
    <ClCompile Include="kx\kxParser.cpp">
      <Filter>kx</Filter>
    </ClCompile>
    <ClCompile Include="kx\kxRenderer.cpp">
      <Filter>kx</Filter>
    </ClCompile>
    <ClCompile Include="kx\kxDirectX.cpp">
      <Filter>kx</Filter>
    </ClCompile>
    <ClCompile Include="kx\kxRenderObject.cpp">
      <Filter>kx</Filter>
    </ClCompile>
    <ClCompile Include="kx\kxRenderList.cpp">
      <Filter>kx</Filter>
    </ClCompile>
    <ClCompile Include="kx\kxDebug.cpp">
      <Filter>kx</Filter>
    </ClCompile>
    <ClCompile Include="BattleField.cpp">
      <Filter>Source Files</Filter>
    </ClCompile>
    <ClCompile Include="kx\kxDrawer.cpp">
      <Filter>kx</Filter>
    </ClCompile>
    <ClCompile Include="kx\kxBitmap.cpp">
      <Filter>kx</Filter>
    </ClCompile>
    <ClCompile Include="kx\kxUtils.cpp">
      <Filter>kx</Filter>
    </ClCompile>
    <ClCompile Include="kx\kxPolygon.cpp">
      <Filter>kx</Filter>
    </ClCompile>
  </ItemGroup>
  <ItemGroup>
    <ResourceCompile Include="ProjectU.rc">
      <Filter>Resource Files</Filter>
    </ResourceCompile>
  </ItemGroup>
  <ItemGroup>
    <Image Include="small.ico">
      <Filter>Resource Files</Filter>
    </Image>
    <Image Include="ProjectU.ico">
      <Filter>Resource Files</Filter>
    </Image>
  </ItemGroup>
  <ItemGroup>
    <None Include="..\..\Doc\Source\T3DIICHAP07\cube1.plg" />
  </ItemGroup>
</Project>